Microsoft Visual Studio Solution File, Format Version 12.00
# Visual Studio Version 16
VisualStudioVersion = 16.0.30225.117
MinimumVisualStudioVersion = 10.0.40219.1
Project("{2150E333-8FDC-42A3-9474-1A3956D46DE8}") = "Modules", "Modules", "{631E02E8-D39B-4720-86A8-DE293FDF8571}"
EndProject
Project("{2150E333-8FDC-42A3-9474-1A3956D46DE8}") = "Tests", "Tests", "{1BD9A1F9-BC19-4491-8A2C-257A3C69EB7B}"
EndProject
Project("{2150E333-8FDC-42A3-9474-1A3956D46DE8}") = "Domainia", "Domainia", "{9C138D2E-38CF-4DE9-B26D-0000F99E6771}"
EndProject
Project("{2150E333-8FDC-42A3-9474-1A3956D46DE8}") = "IdentityAccess", "IdentityAccess", "{AB4FB382-2934-4D1B-A712-5F27C72D08ED}"
EndProject
Project("{2150E333-8FDC-42A3-9474-1A3956D46DE8}") = "Tests", "Tests", "{BA6C7F7F-A3C0-48DD-9641-FEEB5C604652}"
EndProject
Project("{9A19103F-16F7-4668-BE54-9A1E7A4F7556}") = "Oeuvre.Modules.IdentityAccess.Domain", "Modules\IdentityAccess\Oeuvre.Modules.IdentityAccess.Domain\Oeuvre.Modules.IdentityAccess.Domain.csproj", "{1F6D74EF-25EF-4275-BFF3-90F7AC92FB84}"
EndProject
Project("{9A19103F-16F7-4668-BE54-9A1E7A4F7556}") = "Oeuvre.Modules.IdentityAccess.Application", "Modules\IdentityAccess\Oeuvre.Modules.IdentityAccess.Application\Oeuvre.Modules.IdentityAccess.Application.csproj", "{C0231846-D0A7-45A4-89CD-D803E22BF083}"
EndProject
Project("{9A19103F-16F7-4668-BE54-9A1E7A4F7556}") = "Oeuvre.Modules.IdentityAccess.Infrastructure", "Modules\IdentityAccess\Oeuvre.Modules.IdentityAccess.Infrastructure\Oeuvre.Modules.IdentityAccess.Infrastructure.csproj", "{427DCFA8-F127-488D-A3B5-B8F8255A07A7}"
EndProject
Project("{9A19103F-16F7-4668-BE54-9A1E7A4F7556}") = "Domainia", "Domainia\Domainia\Domainia.csproj", "{05BC45ED-A089-45D4-9D63-6A328020B8C7}"
EndProject
Project("{9A19103F-16F7-4668-BE54-9A1E7A4F7556}") = "Oeuvre.Modules.IdentityAccess.API", "Modules\IdentityAccess\Oeuvre.Modules.IdentityAccess.API\Oeuvre.Modules.IdentityAccess.API.csproj", "{2C7C1E1B-214B-417B-B15A-F199988790CF}"
EndProject
Project("{9A19103F-16F7-4668-BE54-9A1E7A4F7556}") = "Domania.Domain", "Domainia\Domania.Domain\Domania.Domain.csproj", "{B3BB410E-BD9E-49C9-99F2-95FA2F46C45C}"
EndProject
Project("{9A19103F-16F7-4668-BE54-9A1E7A4F7556}") = "Domaina.Infrastructure", "Domainia\Domaina.Infrastructure\Domaina.Infrastructure.csproj", "{7CD55C13-E613-4FDB-B7C9-1927B8EBD090}"
EndProject
Project("{9A19103F-16F7-4668-BE54-9A1E7A4F7556}") = "Domaina.Application", "Domainia\Domaina.Application\Domaina.Application.csproj", "{7DF31C62-35E5-410A-95DA-021DB974B57A}"
EndProject
Project("{9A19103F-16F7-4668-BE54-9A1E7A4F7556}") = "Oeuvre", "Oeuvre\Oeuvre.csproj", "{FCA42E3E-3B0B-4396-8DF5-3BB7F216E26B}"
EndProject
Project("{2150E333-8FDC-42A3-9474-1A3956D46DE8}") = "DBScripts", "DBScripts", "{3A71CFB8-B56A-4E13-8738-6E2B8F3245FE}"
	ProjectSection(SolutionItems) = preProject
		Modules\IdentityAccess\DBScripts\identityaccess-add-test-data.bat = Modules\IdentityAccess\DBScripts\identityaccess-add-test-data.bat
		Modules\IdentityAccess\DBScripts\identityaccess-create-db-tables.bat = Modules\IdentityAccess\DBScripts\identityaccess-create-db-tables.bat
		Modules\IdentityAccess\DBScripts\identityaccess-drop-and-create-db-tables.bat = Modules\IdentityAccess\DBScripts\identityaccess-drop-and-create-db-tables.bat
		Modules\IdentityAccess\DBScripts\identityaccess-drop-db-tables.bat = Modules\IdentityAccess\DBScripts\identityaccess-drop-db-tables.bat
		Modules\IdentityAccess\DBScripts\identityaccess-recreate-db-with-seed-and-test-data.bat = Modules\IdentityAccess\DBScripts\identityaccess-recreate-db-with-seed-and-test-data.bat
		Modules\IdentityAccess\DBScripts\identityaccess-recreate-db-with-seed-data.bat = Modules\IdentityAccess\DBScripts\identityaccess-recreate-db-with-seed-data.bat
		Modules\IdentityAccess\DBScripts\oeuvre-identityaccess-add-seed-data.sql = Modules\IdentityAccess\DBScripts\oeuvre-identityaccess-add-seed-data.sql
		Modules\IdentityAccess\DBScripts\oeuvre-identityaccess-add-test-data.sql = Modules\IdentityAccess\DBScripts\oeuvre-identityaccess-add-test-data.sql
		Modules\IdentityAccess\DBScripts\oeuvre-identityaccess-create-db-tables.sql = Modules\IdentityAccess\DBScripts\oeuvre-identityaccess-create-db-tables.sql
		Modules\IdentityAccess\DBScripts\oeuvre-identityaccess-drop-db-tables.sql = Modules\IdentityAccess\DBScripts\oeuvre-identityaccess-drop-db-tables.sql
	EndProjectSection
EndProject
Project("{2150E333-8FDC-42A3-9474-1A3956D46DE8}") = "DBScripts", "DBScripts", "{5F850014-2398-4D85-BF0E-A9DC95B88AFD}"
	ProjectSection(SolutionItems) = preProject
		DBScripts\identityaccess-create-db.bat = DBScripts\identityaccess-create-db.bat
		DBScripts\identityaccess-drop-db.bat = DBScripts\identityaccess-drop-db.bat
		DBScripts\oeuvre-identityaccess-create-db.sql = DBScripts\oeuvre-identityaccess-create-db.sql
		DBScripts\oeuvre-identityaccess-drop-db.sql = DBScripts\oeuvre-identityaccess-drop-db.sql
	EndProjectSection
EndProject
Project("{2150E333-8FDC-42A3-9474-1A3956D46DE8}") = "Specifications", "Specifications", "{DA9CC710-EB6E-40E2-9E71-C235091FAE28}"
EndProject
Project("{2150E333-8FDC-42A3-9474-1A3956D46DE8}") = "Functional", "Functional", "{85556D77-70C6-42A8-8A3D-6FB6BA2C79BD}"
EndProject
Project("{2150E333-8FDC-42A3-9474-1A3956D46DE8}") = "NonFunctional", "NonFunctional", "{F2C29C85-F19E-4D30-BA32-DCC2A21B99DB}"
EndProject
Project("{2150E333-8FDC-42A3-9474-1A3956D46DE8}") = "IdentityAccess", "IdentityAccess", "{5DB6F324-E39E-4815-BCB9-BBAC89A31702}"
EndProject
Project("{2150E333-8FDC-42A3-9474-1A3956D46DE8}") = "ContentCreation", "ContentCreation", "{B1B32E6A-F384-44DF-81C8-D81CD9792776}"
EndProject
Project("{9A19103F-16F7-4668-BE54-9A1E7A4F7556}") = "Oeuvre.Specs.ContentCreation", "Specifications\Features\Functional\ContentCreation\Oeuvre.Specs.ContentCreation\Oeuvre.Specs.ContentCreation.csproj", "{4E78A92B-4F76-445C-8457-A215EE0C169A}"
EndProject
Project("{9A19103F-16F7-4668-BE54-9A1E7A4F7556}") = "Oeuvre.Specs.IdentityAccess", "Specifications\Features\Functional\IdentityAccess\Oeuvre.Specs.IdentityAccess\Oeuvre.Specs.IdentityAccess.csproj", "{77BDCF8B-6A4E-4F16-9CD9-461BD79D693F}"
EndProject
Project("{2150E333-8FDC-42A3-9474-1A3956D46DE8}") = "Publishing", "Publishing", "{03003BB3-65C4-4BAB-BDB1-945B15015FFC}"
EndProject
Project("{2150E333-8FDC-42A3-9474-1A3956D46DE8}") = "ReaderEngagement", "ReaderEngagement", "{2F43EF5A-2BC4-4FA8-9818-14DACBE6171A}"
EndProject
Project("{9A19103F-16F7-4668-BE54-9A1E7A4F7556}") = "Oeuvre.Specs.Publishing", "Specifications\Features\Functional\ReaderEngagement\Oeuvre.Specs.Publishing\Oeuvre.Specs.Publishing.csproj", "{26FD672A-DB14-474B-BA5B-7296966DE1A8}"
EndProject
Project("{2150E333-8FDC-42A3-9474-1A3956D46DE8}") = "ContentCreation", "ContentCreation", "{667255BF-0CCF-44CF-BAF8-7B75468DC4C7}"
EndProject
Project("{2150E333-8FDC-42A3-9474-1A3956D46DE8}") = "Publishing", "Publishing", "{6F7603C3-F7BD-4A22-B5F4-0C601A3B7DAB}"
EndProject
Project("{2150E333-8FDC-42A3-9474-1A3956D46DE8}") = "ReaderEngagement", "ReaderEngagement", "{330FB02C-9F94-4891-A5C9-E6AADA58B84E}"
EndProject
Project("{9A19103F-16F7-4668-BE54-9A1E7A4F7556}") = "Oeuvre.Specs.Publishing", "Specifications\Features\Functional\Publishing\Oeuvre.Specs.Publishing\Oeuvre.Specs.Publishing.csproj", "{DA48FA9E-782C-4BCD-B083-ADD0F277C7F1}"
EndProject
Project("{9A19103F-16F7-4668-BE54-9A1E7A4F7556}") = "Oeuvre.Modules.ContentCreation.Domain", "Modules\ContentCreation\Oeuvre.Modules.ContentCreation.Domain\Oeuvre.Modules.ContentCreation.Domain.csproj", "{8D2C0A96-CF7D-424D-A209-FC722EA68735}"
EndProject
Project("{9A19103F-16F7-4668-BE54-9A1E7A4F7556}") = "Oeuvre.Modules.Publishing.Domain", "Modules\Publishing\Oeuvre.Modules.Publishing.Domain\Oeuvre.Modules.Publishing.Domain.csproj", "{617A00AF-75BD-481E-8117-BB9A80594D8B}"
EndProject
Project("{9A19103F-16F7-4668-BE54-9A1E7A4F7556}") = "Oeuvre.Modules.ReaderEngagement.Domain", "Modules\ReaderEngagement\Oeuvre.Modules.ReaderEngagement.Domain\Oeuvre.Modules.ReaderEngagement.Domain.csproj", "{4263DDC5-AA5E-42B7-810C-52BB47A9F099}"
EndProject
Project("{9A19103F-16F7-4668-BE54-9A1E7A4F7556}") = "Oeuvre.Modules.IdentityAccess.ArchTests", "Modules\IdentityAccess\Tests\Oeuvre.Modules.IdentityAccess.ArchTests\Oeuvre.Modules.IdentityAccess.ArchTests.csproj", "{91E0B9FB-46E3-4546-81AD-C72F17D7685D}"
EndProject
Project("{9A19103F-16F7-4668-BE54-9A1E7A4F7556}") = "Oeuvre.Modules.IdentityAccess.Domain.UnitTests", "Modules\IdentityAccess\Tests\Oeuvre.Modules.IdentityAccess.Domain.UnitTests\Oeuvre.Modules.IdentityAccess.Domain.UnitTests.csproj", "{FA61A293-E36F-4742-81D0-D8F32E79DCEA}"
EndProject
Project("{9A19103F-16F7-4668-BE54-9A1E7A4F7556}") = "Oeuvre.Modules.IdentityAccess.IntegrationTests", "Modules\IdentityAccess\Tests\Oeuvre.Modules.IdentityAccess.IntegrationTests\Oeuvre.Modules.IdentityAccess.IntegrationTests.csproj", "{B8C28946-815D-4A63-9B49-CA395BB30F75}"
EndProject
Project("{9A19103F-16F7-4668-BE54-9A1E7A4F7556}") = "Oeuvre.ArchTests", "Tests\Oeuvre.ArchTests\Oeuvre.ArchTests.csproj", "{FCCD93CC-59C2-4180-8933-97113F992A61}"
EndProject
Project("{9A19103F-16F7-4668-BE54-9A1E7A4F7556}") = "Oeuvre.API.IntegrationTests", "Tests\Oeuvre.API.IntegrationTests\Oeuvre.API.IntegrationTests.csproj", "{110210E9-61FE-4317-9293-36FDBA613390}"
EndProject
Project("{2150E333-8FDC-42A3-9474-1A3956D46DE8}") = "DBScripts", "DBScripts", "{5C81CEBB-552C-4F30-A2DD-58978ADFD282}"
EndProject
Project("{2150E333-8FDC-42A3-9474-1A3956D46DE8}") = "Tests", "Tests", "{08DF6DFC-421B-491D-8994-167A298EFBD1}"
EndProject
Project("{9A19103F-16F7-4668-BE54-9A1E7A4F7556}") = "Oeuvre.Modules.ContentCreation.API", "Modules\ContentCreation\Oeuvre.Modules.ContentCreation.API\Oeuvre.Modules.ContentCreation.API.csproj", "{1EF6CBD0-C5CE-4BC1-BB28-6232F08A686F}"
EndProject
Project("{9A19103F-16F7-4668-BE54-9A1E7A4F7556}") = "Oeuvre.Modules.ContentCreation.Infrastructure", "Modules\ContentCreation\Oeuvre.Modules.ContentCreation.Infrastructure\Oeuvre.Modules.ContentCreation.Infrastructure.csproj", "{5B4E4515-8D58-4274-93B7-980A03D76F0C}"
EndProject
Project("{9A19103F-16F7-4668-BE54-9A1E7A4F7556}") = "Oeuvre.Modules.ContentCreation.Application", "Modules\ContentCreation\Oeuvre.Modules.ContentCreation.Application\Oeuvre.Modules.ContentCreation.Application.csproj", "{21F10608-11F3-4C68-ACAB-6787AAB350D4}"
EndProject
Project("{FAE04EC0-301F-11D3-BF4B-00C04F79EFBC}") = "Domania.EventBus", "Domainia\Domania.EventBus\Domania.EventBus.csproj", "{7C7633C6-D456-49B5-A6E0-9E6940F8D14D}"
EndProject
Project("{FAE04EC0-301F-11D3-BF4B-00C04F79EFBC}") = "Oeuvre.Modules.IdentityAccess.IntegrationEvents", "Modules\IdentityAccess\Oeuvre.Modules.IdentityAccess.IntegrationEvents\Oeuvre.Modules.IdentityAccess.IntegrationEvents.csproj", "{5EB0E481-F78D-493B-9074-8EFE786FFA25}"
EndProject
Global
	GlobalSection(SolutionConfigurationPlatforms) = preSolution
		Debug|Any CPU = Debug|Any CPU
		Release|Any CPU = Release|Any CPU
	EndGlobalSection
	GlobalSection(ProjectConfigurationPlatforms) = postSolution
		{1F6D74EF-25EF-4275-BFF3-90F7AC92FB84}.Debug|Any CPU.ActiveCfg = Debug|Any CPU
		{1F6D74EF-25EF-4275-BFF3-90F7AC92FB84}.Debug|Any CPU.Build.0 = Debug|Any CPU
		{1F6D74EF-25EF-4275-BFF3-90F7AC92FB84}.Release|Any CPU.ActiveCfg = Release|Any CPU
		{1F6D74EF-25EF-4275-BFF3-90F7AC92FB84}.Release|Any CPU.Build.0 = Release|Any CPU
		{C0231846-D0A7-45A4-89CD-D803E22BF083}.Debug|Any CPU.ActiveCfg = Debug|Any CPU
		{C0231846-D0A7-45A4-89CD-D803E22BF083}.Debug|Any CPU.Build.0 = Debug|Any CPU
		{C0231846-D0A7-45A4-89CD-D803E22BF083}.Release|Any CPU.ActiveCfg = Release|Any CPU
		{C0231846-D0A7-45A4-89CD-D803E22BF083}.Release|Any CPU.Build.0 = Release|Any CPU
		{427DCFA8-F127-488D-A3B5-B8F8255A07A7}.Debug|Any CPU.ActiveCfg = Debug|Any CPU
		{427DCFA8-F127-488D-A3B5-B8F8255A07A7}.Debug|Any CPU.Build.0 = Debug|Any CPU
		{427DCFA8-F127-488D-A3B5-B8F8255A07A7}.Release|Any CPU.ActiveCfg = Release|Any CPU
		{427DCFA8-F127-488D-A3B5-B8F8255A07A7}.Release|Any CPU.Build.0 = Release|Any CPU
		{05BC45ED-A089-45D4-9D63-6A328020B8C7}.Debug|Any CPU.ActiveCfg = Debug|Any CPU
		{05BC45ED-A089-45D4-9D63-6A328020B8C7}.Debug|Any CPU.Build.0 = Debug|Any CPU
		{05BC45ED-A089-45D4-9D63-6A328020B8C7}.Release|Any CPU.ActiveCfg = Release|Any CPU
		{05BC45ED-A089-45D4-9D63-6A328020B8C7}.Release|Any CPU.Build.0 = Release|Any CPU
		{2C7C1E1B-214B-417B-B15A-F199988790CF}.Debug|Any CPU.ActiveCfg = Debug|Any CPU
		{2C7C1E1B-214B-417B-B15A-F199988790CF}.Debug|Any CPU.Build.0 = Debug|Any CPU
		{2C7C1E1B-214B-417B-B15A-F199988790CF}.Release|Any CPU.ActiveCfg = Release|Any CPU
		{2C7C1E1B-214B-417B-B15A-F199988790CF}.Release|Any CPU.Build.0 = Release|Any CPU
		{B3BB410E-BD9E-49C9-99F2-95FA2F46C45C}.Debug|Any CPU.ActiveCfg = Debug|Any CPU
		{B3BB410E-BD9E-49C9-99F2-95FA2F46C45C}.Debug|Any CPU.Build.0 = Debug|Any CPU
		{B3BB410E-BD9E-49C9-99F2-95FA2F46C45C}.Release|Any CPU.ActiveCfg = Release|Any CPU
		{B3BB410E-BD9E-49C9-99F2-95FA2F46C45C}.Release|Any CPU.Build.0 = Release|Any CPU
		{7CD55C13-E613-4FDB-B7C9-1927B8EBD090}.Debug|Any CPU.ActiveCfg = Debug|Any CPU
		{7CD55C13-E613-4FDB-B7C9-1927B8EBD090}.Debug|Any CPU.Build.0 = Debug|Any CPU
		{7CD55C13-E613-4FDB-B7C9-1927B8EBD090}.Release|Any CPU.ActiveCfg = Release|Any CPU
		{7CD55C13-E613-4FDB-B7C9-1927B8EBD090}.Release|Any CPU.Build.0 = Release|Any CPU
		{7DF31C62-35E5-410A-95DA-021DB974B57A}.Debug|Any CPU.ActiveCfg = Debug|Any CPU
		{7DF31C62-35E5-410A-95DA-021DB974B57A}.Debug|Any CPU.Build.0 = Debug|Any CPU
		{7DF31C62-35E5-410A-95DA-021DB974B57A}.Release|Any CPU.ActiveCfg = Release|Any CPU
		{7DF31C62-35E5-410A-95DA-021DB974B57A}.Release|Any CPU.Build.0 = Release|Any CPU
		{FCA42E3E-3B0B-4396-8DF5-3BB7F216E26B}.Debug|Any CPU.ActiveCfg = Debug|Any CPU
		{FCA42E3E-3B0B-4396-8DF5-3BB7F216E26B}.Debug|Any CPU.Build.0 = Debug|Any CPU
		{FCA42E3E-3B0B-4396-8DF5-3BB7F216E26B}.Release|Any CPU.ActiveCfg = Release|Any CPU
		{FCA42E3E-3B0B-4396-8DF5-3BB7F216E26B}.Release|Any CPU.Build.0 = Release|Any CPU
		{4E78A92B-4F76-445C-8457-A215EE0C169A}.Debug|Any CPU.ActiveCfg = Debug|Any CPU
		{4E78A92B-4F76-445C-8457-A215EE0C169A}.Debug|Any CPU.Build.0 = Debug|Any CPU
		{4E78A92B-4F76-445C-8457-A215EE0C169A}.Release|Any CPU.ActiveCfg = Release|Any CPU
		{4E78A92B-4F76-445C-8457-A215EE0C169A}.Release|Any CPU.Build.0 = Release|Any CPU
		{77BDCF8B-6A4E-4F16-9CD9-461BD79D693F}.Debug|Any CPU.ActiveCfg = Debug|Any CPU
		{77BDCF8B-6A4E-4F16-9CD9-461BD79D693F}.Debug|Any CPU.Build.0 = Debug|Any CPU
		{77BDCF8B-6A4E-4F16-9CD9-461BD79D693F}.Release|Any CPU.ActiveCfg = Release|Any CPU
		{77BDCF8B-6A4E-4F16-9CD9-461BD79D693F}.Release|Any CPU.Build.0 = Release|Any CPU
		{26FD672A-DB14-474B-BA5B-7296966DE1A8}.Debug|Any CPU.ActiveCfg = Debug|Any CPU
		{26FD672A-DB14-474B-BA5B-7296966DE1A8}.Debug|Any CPU.Build.0 = Debug|Any CPU
		{26FD672A-DB14-474B-BA5B-7296966DE1A8}.Release|Any CPU.ActiveCfg = Release|Any CPU
		{26FD672A-DB14-474B-BA5B-7296966DE1A8}.Release|Any CPU.Build.0 = Release|Any CPU
		{DA48FA9E-782C-4BCD-B083-ADD0F277C7F1}.Debug|Any CPU.ActiveCfg = Debug|Any CPU
		{DA48FA9E-782C-4BCD-B083-ADD0F277C7F1}.Debug|Any CPU.Build.0 = Debug|Any CPU
		{DA48FA9E-782C-4BCD-B083-ADD0F277C7F1}.Release|Any CPU.ActiveCfg = Release|Any CPU
		{DA48FA9E-782C-4BCD-B083-ADD0F277C7F1}.Release|Any CPU.Build.0 = Release|Any CPU
		{8D2C0A96-CF7D-424D-A209-FC722EA68735}.Debug|Any CPU.ActiveCfg = Debug|Any CPU
		{8D2C0A96-CF7D-424D-A209-FC722EA68735}.Debug|Any CPU.Build.0 = Debug|Any CPU
		{8D2C0A96-CF7D-424D-A209-FC722EA68735}.Release|Any CPU.ActiveCfg = Release|Any CPU
		{8D2C0A96-CF7D-424D-A209-FC722EA68735}.Release|Any CPU.Build.0 = Release|Any CPU
		{617A00AF-75BD-481E-8117-BB9A80594D8B}.Debug|Any CPU.ActiveCfg = Debug|Any CPU
		{617A00AF-75BD-481E-8117-BB9A80594D8B}.Debug|Any CPU.Build.0 = Debug|Any CPU
		{617A00AF-75BD-481E-8117-BB9A80594D8B}.Release|Any CPU.ActiveCfg = Release|Any CPU
		{617A00AF-75BD-481E-8117-BB9A80594D8B}.Release|Any CPU.Build.0 = Release|Any CPU
		{4263DDC5-AA5E-42B7-810C-52BB47A9F099}.Debug|Any CPU.ActiveCfg = Debug|Any CPU
		{4263DDC5-AA5E-42B7-810C-52BB47A9F099}.Debug|Any CPU.Build.0 = Debug|Any CPU
		{4263DDC5-AA5E-42B7-810C-52BB47A9F099}.Release|Any CPU.ActiveCfg = Release|Any CPU
		{4263DDC5-AA5E-42B7-810C-52BB47A9F099}.Release|Any CPU.Build.0 = Release|Any CPU
		{91E0B9FB-46E3-4546-81AD-C72F17D7685D}.Debug|Any CPU.ActiveCfg = Debug|Any CPU
		{91E0B9FB-46E3-4546-81AD-C72F17D7685D}.Debug|Any CPU.Build.0 = Debug|Any CPU
		{91E0B9FB-46E3-4546-81AD-C72F17D7685D}.Release|Any CPU.ActiveCfg = Release|Any CPU
		{91E0B9FB-46E3-4546-81AD-C72F17D7685D}.Release|Any CPU.Build.0 = Release|Any CPU
		{FA61A293-E36F-4742-81D0-D8F32E79DCEA}.Debug|Any CPU.ActiveCfg = Debug|Any CPU
		{FA61A293-E36F-4742-81D0-D8F32E79DCEA}.Debug|Any CPU.Build.0 = Debug|Any CPU
		{FA61A293-E36F-4742-81D0-D8F32E79DCEA}.Release|Any CPU.ActiveCfg = Release|Any CPU
		{FA61A293-E36F-4742-81D0-D8F32E79DCEA}.Release|Any CPU.Build.0 = Release|Any CPU
		{B8C28946-815D-4A63-9B49-CA395BB30F75}.Debug|Any CPU.ActiveCfg = Debug|Any CPU
		{B8C28946-815D-4A63-9B49-CA395BB30F75}.Debug|Any CPU.Build.0 = Debug|Any CPU
		{B8C28946-815D-4A63-9B49-CA395BB30F75}.Release|Any CPU.ActiveCfg = Release|Any CPU
		{B8C28946-815D-4A63-9B49-CA395BB30F75}.Release|Any CPU.Build.0 = Release|Any CPU
		{FCCD93CC-59C2-4180-8933-97113F992A61}.Debug|Any CPU.ActiveCfg = Debug|Any CPU
		{FCCD93CC-59C2-4180-8933-97113F992A61}.Debug|Any CPU.Build.0 = Debug|Any CPU
		{FCCD93CC-59C2-4180-8933-97113F992A61}.Release|Any CPU.ActiveCfg = Release|Any CPU
		{FCCD93CC-59C2-4180-8933-97113F992A61}.Release|Any CPU.Build.0 = Release|Any CPU
		{110210E9-61FE-4317-9293-36FDBA613390}.Debug|Any CPU.ActiveCfg = Debug|Any CPU
		{110210E9-61FE-4317-9293-36FDBA613390}.Debug|Any CPU.Build.0 = Debug|Any CPU
		{110210E9-61FE-4317-9293-36FDBA613390}.Release|Any CPU.ActiveCfg = Release|Any CPU
		{110210E9-61FE-4317-9293-36FDBA613390}.Release|Any CPU.Build.0 = Release|Any CPU
		{1EF6CBD0-C5CE-4BC1-BB28-6232F08A686F}.Debug|Any CPU.ActiveCfg = Debug|Any CPU
		{1EF6CBD0-C5CE-4BC1-BB28-6232F08A686F}.Debug|Any CPU.Build.0 = Debug|Any CPU
		{1EF6CBD0-C5CE-4BC1-BB28-6232F08A686F}.Release|Any CPU.ActiveCfg = Release|Any CPU
		{1EF6CBD0-C5CE-4BC1-BB28-6232F08A686F}.Release|Any CPU.Build.0 = Release|Any CPU
		{5B4E4515-8D58-4274-93B7-980A03D76F0C}.Debug|Any CPU.ActiveCfg = Debug|Any CPU
		{5B4E4515-8D58-4274-93B7-980A03D76F0C}.Debug|Any CPU.Build.0 = Debug|Any CPU
		{5B4E4515-8D58-4274-93B7-980A03D76F0C}.Release|Any CPU.ActiveCfg = Release|Any CPU
		{5B4E4515-8D58-4274-93B7-980A03D76F0C}.Release|Any CPU.Build.0 = Release|Any CPU
		{21F10608-11F3-4C68-ACAB-6787AAB350D4}.Debug|Any CPU.ActiveCfg = Debug|Any CPU
		{21F10608-11F3-4C68-ACAB-6787AAB350D4}.Debug|Any CPU.Build.0 = Debug|Any CPU
		{21F10608-11F3-4C68-ACAB-6787AAB350D4}.Release|Any CPU.ActiveCfg = Release|Any CPU
		{21F10608-11F3-4C68-ACAB-6787AAB350D4}.Release|Any CPU.Build.0 = Release|Any CPU
		{7C7633C6-D456-49B5-A6E0-9E6940F8D14D}.Debug|Any CPU.ActiveCfg = Debug|Any CPU
		{7C7633C6-D456-49B5-A6E0-9E6940F8D14D}.Debug|Any CPU.Build.0 = Debug|Any CPU
		{7C7633C6-D456-49B5-A6E0-9E6940F8D14D}.Release|Any CPU.ActiveCfg = Release|Any CPU
		{7C7633C6-D456-49B5-A6E0-9E6940F8D14D}.Release|Any CPU.Build.0 = Release|Any CPU
		{5EB0E481-F78D-493B-9074-8EFE786FFA25}.Debug|Any CPU.ActiveCfg = Debug|Any CPU
		{5EB0E481-F78D-493B-9074-8EFE786FFA25}.Debug|Any CPU.Build.0 = Debug|Any CPU
		{5EB0E481-F78D-493B-9074-8EFE786FFA25}.Release|Any CPU.ActiveCfg = Release|Any CPU
		{5EB0E481-F78D-493B-9074-8EFE786FFA25}.Release|Any CPU.Build.0 = Release|Any CPU
	EndGlobalSection
	GlobalSection(SolutionProperties) = preSolution
		HideSolutionNode = FALSE
	EndGlobalSection
	GlobalSection(NestedProjects) = preSolution
		{AB4FB382-2934-4D1B-A712-5F27C72D08ED} = {631E02E8-D39B-4720-86A8-DE293FDF8571}
		{BA6C7F7F-A3C0-48DD-9641-FEEB5C604652} = {AB4FB382-2934-4D1B-A712-5F27C72D08ED}
		{1F6D74EF-25EF-4275-BFF3-90F7AC92FB84} = {AB4FB382-2934-4D1B-A712-5F27C72D08ED}
		{C0231846-D0A7-45A4-89CD-D803E22BF083} = {AB4FB382-2934-4D1B-A712-5F27C72D08ED}
		{427DCFA8-F127-488D-A3B5-B8F8255A07A7} = {AB4FB382-2934-4D1B-A712-5F27C72D08ED}
		{05BC45ED-A089-45D4-9D63-6A328020B8C7} = {9C138D2E-38CF-4DE9-B26D-0000F99E6771}
		{2C7C1E1B-214B-417B-B15A-F199988790CF} = {AB4FB382-2934-4D1B-A712-5F27C72D08ED}
		{B3BB410E-BD9E-49C9-99F2-95FA2F46C45C} = {9C138D2E-38CF-4DE9-B26D-0000F99E6771}
		{7CD55C13-E613-4FDB-B7C9-1927B8EBD090} = {9C138D2E-38CF-4DE9-B26D-0000F99E6771}
		{7DF31C62-35E5-410A-95DA-021DB974B57A} = {9C138D2E-38CF-4DE9-B26D-0000F99E6771}
		{3A71CFB8-B56A-4E13-8738-6E2B8F3245FE} = {AB4FB382-2934-4D1B-A712-5F27C72D08ED}
		{85556D77-70C6-42A8-8A3D-6FB6BA2C79BD} = {DA9CC710-EB6E-40E2-9E71-C235091FAE28}
		{F2C29C85-F19E-4D30-BA32-DCC2A21B99DB} = {DA9CC710-EB6E-40E2-9E71-C235091FAE28}
		{5DB6F324-E39E-4815-BCB9-BBAC89A31702} = {85556D77-70C6-42A8-8A3D-6FB6BA2C79BD}
		{B1B32E6A-F384-44DF-81C8-D81CD9792776} = {85556D77-70C6-42A8-8A3D-6FB6BA2C79BD}
		{4E78A92B-4F76-445C-8457-A215EE0C169A} = {B1B32E6A-F384-44DF-81C8-D81CD9792776}
		{77BDCF8B-6A4E-4F16-9CD9-461BD79D693F} = {5DB6F324-E39E-4815-BCB9-BBAC89A31702}
		{03003BB3-65C4-4BAB-BDB1-945B15015FFC} = {85556D77-70C6-42A8-8A3D-6FB6BA2C79BD}
		{2F43EF5A-2BC4-4FA8-9818-14DACBE6171A} = {85556D77-70C6-42A8-8A3D-6FB6BA2C79BD}
		{26FD672A-DB14-474B-BA5B-7296966DE1A8} = {2F43EF5A-2BC4-4FA8-9818-14DACBE6171A}
		{667255BF-0CCF-44CF-BAF8-7B75468DC4C7} = {631E02E8-D39B-4720-86A8-DE293FDF8571}
		{6F7603C3-F7BD-4A22-B5F4-0C601A3B7DAB} = {631E02E8-D39B-4720-86A8-DE293FDF8571}
		{330FB02C-9F94-4891-A5C9-E6AADA58B84E} = {631E02E8-D39B-4720-86A8-DE293FDF8571}
		{DA48FA9E-782C-4BCD-B083-ADD0F277C7F1} = {03003BB3-65C4-4BAB-BDB1-945B15015FFC}
		{8D2C0A96-CF7D-424D-A209-FC722EA68735} = {667255BF-0CCF-44CF-BAF8-7B75468DC4C7}
		{617A00AF-75BD-481E-8117-BB9A80594D8B} = {6F7603C3-F7BD-4A22-B5F4-0C601A3B7DAB}
		{4263DDC5-AA5E-42B7-810C-52BB47A9F099} = {330FB02C-9F94-4891-A5C9-E6AADA58B84E}
		{91E0B9FB-46E3-4546-81AD-C72F17D7685D} = {BA6C7F7F-A3C0-48DD-9641-FEEB5C604652}
		{FA61A293-E36F-4742-81D0-D8F32E79DCEA} = {BA6C7F7F-A3C0-48DD-9641-FEEB5C604652}
		{B8C28946-815D-4A63-9B49-CA395BB30F75} = {BA6C7F7F-A3C0-48DD-9641-FEEB5C604652}
		{FCCD93CC-59C2-4180-8933-97113F992A61} = {1BD9A1F9-BC19-4491-8A2C-257A3C69EB7B}
		{110210E9-61FE-4317-9293-36FDBA613390} = {1BD9A1F9-BC19-4491-8A2C-257A3C69EB7B}
		{5C81CEBB-552C-4F30-A2DD-58978ADFD282} = {667255BF-0CCF-44CF-BAF8-7B75468DC4C7}
		{08DF6DFC-421B-491D-8994-167A298EFBD1} = {667255BF-0CCF-44CF-BAF8-7B75468DC4C7}
		{1EF6CBD0-C5CE-4BC1-BB28-6232F08A686F} = {667255BF-0CCF-44CF-BAF8-7B75468DC4C7}
		{5B4E4515-8D58-4274-93B7-980A03D76F0C} = {667255BF-0CCF-44CF-BAF8-7B75468DC4C7}
		{21F10608-11F3-4C68-ACAB-6787AAB350D4} = {667255BF-0CCF-44CF-BAF8-7B75468DC4C7}
		{7C7633C6-D456-49B5-A6E0-9E6940F8D14D} = {9C138D2E-38CF-4DE9-B26D-0000F99E6771}
		{5EB0E481-F78D-493B-9074-8EFE786FFA25} = {AB4FB382-2934-4D1B-A712-5F27C72D08ED}
	EndGlobalSection
	GlobalSection(ExtensibilityGlobals) = postSolution
		SolutionGuid = {B54B5131-7792-4BE2-A981-EB1CCA99473E}
	EndGlobalSection
EndGlobal
