
Microsoft Visual Studio Solution File, Format Version 12.00
# Visual Studio 15
Project("{FAE04EC0-301F-11D3-BF4B-00C04F79EFBC}") = "Oeuvre", "Oeuvre\Oeuvre.csproj", "{077580B0-DBAF-4B90-8910-CCA20E3FAB2E}"
EndProject
Project("{2150E333-8FDC-42A3-9474-1A3956D46DE8}") = "Modules", "Modules", "{631E02E8-D39B-4720-86A8-DE293FDF8571}"
EndProject
Project("{2150E333-8FDC-42A3-9474-1A3956D46DE8}") = "ArchTests", "ArchTests", "{1BD9A1F9-BC19-4491-8A2C-257A3C69EB7B}"
EndProject
Project("{2150E333-8FDC-42A3-9474-1A3956D46DE8}") = "Database", "Database", "{ADD49D20-B12F-433D-9E6D-E0C2E17D8755}"
EndProject
Project("{2150E333-8FDC-42A3-9474-1A3956D46DE8}") = "Domainia", "Domainia", "{9C138D2E-38CF-4DE9-B26D-0000F99E6771}"
EndProject
Project("{FAE04EC0-301F-11D3-BF4B-00C04F79EFBC}") = "Oeuvre.ArchTests", "ArchTests\Oeuvre.ArchTests\Oeuvre.ArchTests.csproj", "{FF89577D-76E9-4FF1-9B42-68CE6099D967}"
EndProject
Project("{2150E333-8FDC-42A3-9474-1A3956D46DE8}") = "IdentityAccess", "IdentityAccess", "{AB4FB382-2934-4D1B-A712-5F27C72D08ED}"
EndProject
Project("{2150E333-8FDC-42A3-9474-1A3956D46DE8}") = "Publishing", "Publishing", "{0782FE19-CA5E-4006-9DD1-1C98DC645FAD}"
EndProject
Project("{2150E333-8FDC-42A3-9474-1A3956D46DE8}") = "Tests", "Tests", "{BA6C7F7F-A3C0-48DD-9641-FEEB5C604652}"
EndProject
Project("{2150E333-8FDC-42A3-9474-1A3956D46DE8}") = "Tests", "Tests", "{AB8CF68E-6C75-4C98-AF7E-5731D6183207}"
EndProject
Project("{FAE04EC0-301F-11D3-BF4B-00C04F79EFBC}") = "Oeuvre.Modules.IdentityAccess.Domain", "Modules\IdentityAccess\Oeuvre.Modules.IdentityAccess.Domain\Oeuvre.Modules.IdentityAccess.Domain.csproj", "{1F6D74EF-25EF-4275-BFF3-90F7AC92FB84}"
EndProject
Project("{FAE04EC0-301F-11D3-BF4B-00C04F79EFBC}") = "Oeuvre.Modules.IdentityAccess.Application", "Modules\IdentityAccess\Oeuvre.Modules.IdentityAccess.Application\Oeuvre.Modules.IdentityAccess.Application.csproj", "{C0231846-D0A7-45A4-89CD-D803E22BF083}"
EndProject
Project("{FAE04EC0-301F-11D3-BF4B-00C04F79EFBC}") = "Oeuvre.Modules.IdentityAccess.API", "Modules\IdentityAccess\Oeuvre.Modules.IdentityAccess.API\Oeuvre.Modules.IdentityAccess.API.csproj", "{4828E2EA-CC88-4EDA-9639-08422EF04A4D}"
EndProject
Project("{FAE04EC0-301F-11D3-BF4B-00C04F79EFBC}") = "Oeuvre.Modules.IdentityAccess.Infrastructure", "Modules\IdentityAccess\Oeuvre.Modules.IdentityAccess.Infrastructure\Oeuvre.Modules.IdentityAccess.Infrastructure.csproj", "{427DCFA8-F127-488D-A3B5-B8F8255A07A7}"
EndProject
Project("{FAE04EC0-301F-11D3-BF4B-00C04F79EFBC}") = "Oeuvre.Modules.IdentityAccess.Tests", "Modules\IdentityAccess\Tests\Oeuvre.Modules.IdentityAccess.Tests\Oeuvre.Modules.IdentityAccess.Tests.csproj", "{D73ADD1B-776B-495E-9028-DF83EBCDA866}"
EndProject
Project("{FAE04EC0-301F-11D3-BF4B-00C04F79EFBC}") = "Domainia", "Domainia\Domainia\Domainia.csproj", "{05BC45ED-A089-45D4-9D63-6A328020B8C7}"
EndProject
Global
	GlobalSection(SolutionConfigurationPlatforms) = preSolution
		Debug|Any CPU = Debug|Any CPU
		Release|Any CPU = Release|Any CPU
	EndGlobalSection
	GlobalSection(ProjectConfigurationPlatforms) = postSolution
		{077580B0-DBAF-4B90-8910-CCA20E3FAB2E}.Debug|Any CPU.ActiveCfg = Debug|Any CPU
		{077580B0-DBAF-4B90-8910-CCA20E3FAB2E}.Debug|Any CPU.Build.0 = Debug|Any CPU
		{077580B0-DBAF-4B90-8910-CCA20E3FAB2E}.Release|Any CPU.ActiveCfg = Release|Any CPU
		{077580B0-DBAF-4B90-8910-CCA20E3FAB2E}.Release|Any CPU.Build.0 = Release|Any CPU
		{FF89577D-76E9-4FF1-9B42-68CE6099D967}.Debug|Any CPU.ActiveCfg = Debug|Any CPU
		{FF89577D-76E9-4FF1-9B42-68CE6099D967}.Debug|Any CPU.Build.0 = Debug|Any CPU
		{FF89577D-76E9-4FF1-9B42-68CE6099D967}.Release|Any CPU.ActiveCfg = Release|Any CPU
		{FF89577D-76E9-4FF1-9B42-68CE6099D967}.Release|Any CPU.Build.0 = Release|Any CPU
		{1F6D74EF-25EF-4275-BFF3-90F7AC92FB84}.Debug|Any CPU.ActiveCfg = Debug|Any CPU
		{1F6D74EF-25EF-4275-BFF3-90F7AC92FB84}.Debug|Any CPU.Build.0 = Debug|Any CPU
		{1F6D74EF-25EF-4275-BFF3-90F7AC92FB84}.Release|Any CPU.ActiveCfg = Release|Any CPU
		{1F6D74EF-25EF-4275-BFF3-90F7AC92FB84}.Release|Any CPU.Build.0 = Release|Any CPU
		{C0231846-D0A7-45A4-89CD-D803E22BF083}.Debug|Any CPU.ActiveCfg = Debug|Any CPU
		{C0231846-D0A7-45A4-89CD-D803E22BF083}.Debug|Any CPU.Build.0 = Debug|Any CPU
		{C0231846-D0A7-45A4-89CD-D803E22BF083}.Release|Any CPU.ActiveCfg = Release|Any CPU
		{C0231846-D0A7-45A4-89CD-D803E22BF083}.Release|Any CPU.Build.0 = Release|Any CPU
		{4828E2EA-CC88-4EDA-9639-08422EF04A4D}.Debug|Any CPU.ActiveCfg = Debug|Any CPU
		{4828E2EA-CC88-4EDA-9639-08422EF04A4D}.Debug|Any CPU.Build.0 = Debug|Any CPU
		{4828E2EA-CC88-4EDA-9639-08422EF04A4D}.Release|Any CPU.ActiveCfg = Release|Any CPU
		{4828E2EA-CC88-4EDA-9639-08422EF04A4D}.Release|Any CPU.Build.0 = Release|Any CPU
		{427DCFA8-F127-488D-A3B5-B8F8255A07A7}.Debug|Any CPU.ActiveCfg = Debug|Any CPU
		{427DCFA8-F127-488D-A3B5-B8F8255A07A7}.Debug|Any CPU.Build.0 = Debug|Any CPU
		{427DCFA8-F127-488D-A3B5-B8F8255A07A7}.Release|Any CPU.ActiveCfg = Release|Any CPU
		{427DCFA8-F127-488D-A3B5-B8F8255A07A7}.Release|Any CPU.Build.0 = Release|Any CPU
		{D73ADD1B-776B-495E-9028-DF83EBCDA866}.Debug|Any CPU.ActiveCfg = Debug|Any CPU
		{D73ADD1B-776B-495E-9028-DF83EBCDA866}.Debug|Any CPU.Build.0 = Debug|Any CPU
		{D73ADD1B-776B-495E-9028-DF83EBCDA866}.Release|Any CPU.ActiveCfg = Release|Any CPU
		{D73ADD1B-776B-495E-9028-DF83EBCDA866}.Release|Any CPU.Build.0 = Release|Any CPU
		{05BC45ED-A089-45D4-9D63-6A328020B8C7}.Debug|Any CPU.ActiveCfg = Debug|Any CPU
		{05BC45ED-A089-45D4-9D63-6A328020B8C7}.Debug|Any CPU.Build.0 = Debug|Any CPU
		{05BC45ED-A089-45D4-9D63-6A328020B8C7}.Release|Any CPU.ActiveCfg = Release|Any CPU
		{05BC45ED-A089-45D4-9D63-6A328020B8C7}.Release|Any CPU.Build.0 = Release|Any CPU
	EndGlobalSection
	GlobalSection(NestedProjects) = preSolution
		{FF89577D-76E9-4FF1-9B42-68CE6099D967} = {1BD9A1F9-BC19-4491-8A2C-257A3C69EB7B}
		{AB4FB382-2934-4D1B-A712-5F27C72D08ED} = {631E02E8-D39B-4720-86A8-DE293FDF8571}
		{0782FE19-CA5E-4006-9DD1-1C98DC645FAD} = {631E02E8-D39B-4720-86A8-DE293FDF8571}
		{BA6C7F7F-A3C0-48DD-9641-FEEB5C604652} = {AB4FB382-2934-4D1B-A712-5F27C72D08ED}
		{AB8CF68E-6C75-4C98-AF7E-5731D6183207} = {0782FE19-CA5E-4006-9DD1-1C98DC645FAD}
		{1F6D74EF-25EF-4275-BFF3-90F7AC92FB84} = {AB4FB382-2934-4D1B-A712-5F27C72D08ED}
		{C0231846-D0A7-45A4-89CD-D803E22BF083} = {AB4FB382-2934-4D1B-A712-5F27C72D08ED}
		{4828E2EA-CC88-4EDA-9639-08422EF04A4D} = {AB4FB382-2934-4D1B-A712-5F27C72D08ED}
		{427DCFA8-F127-488D-A3B5-B8F8255A07A7} = {AB4FB382-2934-4D1B-A712-5F27C72D08ED}
		{D73ADD1B-776B-495E-9028-DF83EBCDA866} = {BA6C7F7F-A3C0-48DD-9641-FEEB5C604652}
		{05BC45ED-A089-45D4-9D63-6A328020B8C7} = {9C138D2E-38CF-4DE9-B26D-0000F99E6771}
	EndGlobalSection
EndGlobal
